
Microsoft Visual Studio Solution File, Format Version 12.00
# Visual Studio Version 17
VisualStudioVersion = 17.1.32328.378
MinimumVisualStudioVersion = 10.0.40219.1
Project("{9A19103F-16F7-4668-BE54-9A1E7A4F7556}") = "IdentityServer5", "IdentityServer\IdentityServer5.csproj", "{153C8B95-2729-4921-A915-B27713A988BC}"
EndProject
Project("{E53339B2-1760-4266-BCC7-CA923CBCF16C}") = "docker-compose", "docker-compose\docker-compose.dcproj", "{EB9DEA90-C2D3-4B73-AC07-71F791C20102}"
EndProject
Project("{FAE04EC0-301F-11D3-BF4B-00C04F79EFBC}") = "WebClient", "WebClient\WebClient.csproj", "{9BE083AC-E1C5-44D6-8DA0-8F162B549595}"
EndProject
Global
	GlobalSection(SolutionConfigurationPlatforms) = preSolution
		Debug|Any CPU = Debug|Any CPU
		Release|Any CPU = Release|Any CPU
	EndGlobalSection
	GlobalSection(ProjectConfigurationPlatforms) = postSolution
		{153C8B95-2729-4921-A915-B27713A988BC}.Debug|Any CPU.ActiveCfg = Debug|Any CPU
		{153C8B95-2729-4921-A915-B27713A988BC}.Debug|Any CPU.Build.0 = Debug|Any CPU
		{153C8B95-2729-4921-A915-B27713A988BC}.Release|Any CPU.ActiveCfg = Release|Any CPU
		{153C8B95-2729-4921-A915-B27713A988BC}.Release|Any CPU.Build.0 = Release|Any CPU
		{EB9DEA90-C2D3-4B73-AC07-71F791C20102}.Debug|Any CPU.ActiveCfg = Debug|Any CPU
		{EB9DEA90-C2D3-4B73-AC07-71F791C20102}.Debug|Any CPU.Build.0 = Debug|Any CPU
		{EB9DEA90-C2D3-4B73-AC07-71F791C20102}.Release|Any CPU.ActiveCfg = Release|Any CPU
		{EB9DEA90-C2D3-4B73-AC07-71F791C20102}.Release|Any CPU.Build.0 = Release|Any CPU
		{9BE083AC-E1C5-44D6-8DA0-8F162B549595}.Debug|Any CPU.ActiveCfg = Debug|Any CPU
		{9BE083AC-E1C5-44D6-8DA0-8F162B549595}.Debug|Any CPU.Build.0 = Debug|Any CPU
		{9BE083AC-E1C5-44D6-8DA0-8F162B549595}.Release|Any CPU.ActiveCfg = Release|Any CPU
		{9BE083AC-E1C5-44D6-8DA0-8F162B549595}.Release|Any CPU.Build.0 = Release|Any CPU
	EndGlobalSection
	GlobalSection(SolutionProperties) = preSolution
		HideSolutionNode = FALSE
	EndGlobalSection
	GlobalSection(ExtensibilityGlobals) = postSolution
		SolutionGuid = {46675276-4641-4BC0-BDB0-AF4232E1A019}
	EndGlobalSection
EndGlobal
